Microsoft Visual Studio Solution File, Format Version 12.00
# Visual Studio Version 17
VisualStudioVersion = 17.5.2.0
MinimumVisualStudioVersion = 10.0.40219.1
Project("{FAE04EC0-301F-11D3-BF4B-00C04F79EFBC}") = "Ang-app", "Ang-app\Ang-app.csproj", "{0704A499-EC68-C9D1-12B2-109BBB8EFB24}"
EndProject
Global
	GlobalSection(SolutionConfigurationPlatforms) = preSolution
		Debug|Any CPU = Debug|Any CPU
		Release|Any CPU = Release|Any CPU
	EndGlobalSection
	GlobalSection(ProjectConfigurationPlatforms) = postSolution
		{0704A499-EC68-C9D1-12B2-109BBB8EFB24}.Debug|Any CPU.ActiveCfg = Debug|Any CPU
		{0704A499-EC68-C9D1-12B2-109BBB8EFB24}.Debug|Any CPU.Build.0 = Debug|Any CPU
		{0704A499-EC68-C9D1-12B2-109BBB8EFB24}.Release|Any CPU.ActiveCfg = Release|Any CPU
		{0704A499-EC68-C9D1-12B2-109BBB8EFB24}.Release|Any CPU.Build.0 = Release|Any CPU
	EndGlobalSection
	GlobalSection(SolutionProperties) = preSolution
		HideSolutionNode = FALSE
	EndGlobalSection
	GlobalSection(ExtensibilityGlobals) = postSolution
		SolutionGuid = {DF7FDDA0-EC05-4688-A1AC-810129B8DC12}
	EndGlobalSection
EndGlobal
